
Microsoft Visual Studio Solution File, Format Version 12.00
# Visual Studio Version 17
VisualStudioVersion = 17.0.31903.59
MinimumVisualStudioVersion = 10.0.40219.1
Project("{FAE04EC0-301F-11D3-BF4B-00C04F79EFBC}") = "t.daneshgah.7", "t.daneshgah.7.csproj", "{86965226-A99E-476E-88F9-779EAD74E4BB}"
EndProject
Global
	GlobalSection(SolutionConfigurationPlatforms) = preSolution
		Debug|Any CPU = Debug|Any CPU
		Release|Any CPU = Release|Any CPU
	EndGlobalSection
	GlobalSection(ProjectConfigurationPlatforms) = postSolution
		{86965226-A99E-476E-88F9-779EAD74E4BB}.Debug|Any CPU.ActiveCfg = Debug|Any CPU
		{86965226-A99E-476E-88F9-779EAD74E4BB}.Debug|Any CPU.Build.0 = Debug|Any CPU
		{86965226-A99E-476E-88F9-779EAD74E4BB}.Release|Any CPU.ActiveCfg = Release|Any CPU
		{86965226-A99E-476E-88F9-779EAD74E4BB}.Release|Any CPU.Build.0 = Release|Any CPU
	EndGlobalSection
	GlobalSection(SolutionProperties) = preSolution
		HideSolutionNode = FALSE
	EndGlobalSection
	GlobalSection(ExtensibilityGlobals) = postSolution
		SolutionGuid = {1A3D74F5-5EA5-4801-AF7C-A2989B5E2137}
	EndGlobalSection
EndGlobal
