
Microsoft Visual Studio Solution File, Format Version 12.00
# Visual Studio Version 17
VisualStudioVersion = 17.0.31903.59
MinimumVisualStudioVersion = 10.0.40219.1
Project("{FAE04EC0-301F-11D3-BF4B-00C04F79EFBC}") = "T.daneshgah.11.Tabee baazgashti zarb", "T.daneshgah.11.Tabee baazgashti zarb.csproj", "{0107E535-121A-4C61-B8EC-FBC106530C79}"
EndProject
Global
	GlobalSection(SolutionConfigurationPlatforms) = preSolution
		Debug|Any CPU = Debug|Any CPU
		Release|Any CPU = Release|Any CPU
	EndGlobalSection
	GlobalSection(ProjectConfigurationPlatforms) = postSolution
		{0107E535-121A-4C61-B8EC-FBC106530C79}.Debug|Any CPU.ActiveCfg = Debug|Any CPU
		{0107E535-121A-4C61-B8EC-FBC106530C79}.Debug|Any CPU.Build.0 = Debug|Any CPU
		{0107E535-121A-4C61-B8EC-FBC106530C79}.Release|Any CPU.ActiveCfg = Release|Any CPU
		{0107E535-121A-4C61-B8EC-FBC106530C79}.Release|Any CPU.Build.0 = Release|Any CPU
	EndGlobalSection
	GlobalSection(SolutionProperties) = preSolution
		HideSolutionNode = FALSE
	EndGlobalSection
	GlobalSection(ExtensibilityGlobals) = postSolution
		SolutionGuid = {C844FB49-547F-4122-ACA1-948F4E049892}
	EndGlobalSection
EndGlobal
