
Microsoft Visual Studio Solution File, Format Version 12.00
# Visual Studio Version 17
VisualStudioVersion = 17.0.31903.59
MinimumVisualStudioVersion = 10.0.40219.1
Project("{FAE04EC0-301F-11D3-BF4B-00C04F79EFBC}") = "T.daneshgah 6", "T.daneshgah 6.csproj", "{4D69319E-71F8-4131-9C5A-EF8AEF28D64E}"
EndProject
Global
	GlobalSection(SolutionConfigurationPlatforms) = preSolution
		Debug|Any CPU = Debug|Any CPU
		Release|Any CPU = Release|Any CPU
	EndGlobalSection
	GlobalSection(ProjectConfigurationPlatforms) = postSolution
		{4D69319E-71F8-4131-9C5A-EF8AEF28D64E}.Debug|Any CPU.ActiveCfg = Debug|Any CPU
		{4D69319E-71F8-4131-9C5A-EF8AEF28D64E}.Debug|Any CPU.Build.0 = Debug|Any CPU
		{4D69319E-71F8-4131-9C5A-EF8AEF28D64E}.Release|Any CPU.ActiveCfg = Release|Any CPU
		{4D69319E-71F8-4131-9C5A-EF8AEF28D64E}.Release|Any CPU.Build.0 = Release|Any CPU
	EndGlobalSection
	GlobalSection(SolutionProperties) = preSolution
		HideSolutionNode = FALSE
	EndGlobalSection
	GlobalSection(ExtensibilityGlobals) = postSolution
		SolutionGuid = {E7D72351-850F-4BDA-B287-44A0E8068282}
	EndGlobalSection
EndGlobal
