
Microsoft Visual Studio Solution File, Format Version 12.00
# Visual Studio Version 17
VisualStudioVersion = 17.0.31903.59
MinimumVisualStudioVersion = 10.0.40219.1
Project("{FAE04EC0-301F-11D3-BF4B-00C04F79EFBC}") = "T.daneshgah.3", "T.daneshgah.3.csproj", "{EFDDB1D8-E381-4840-AD07-896E2C2314F7}"
EndProject
Global
	GlobalSection(SolutionConfigurationPlatforms) = preSolution
		Debug|Any CPU = Debug|Any CPU
		Release|Any CPU = Release|Any CPU
	EndGlobalSection
	GlobalSection(ProjectConfigurationPlatforms) = postSolution
		{EFDDB1D8-E381-4840-AD07-896E2C2314F7}.Debug|Any CPU.ActiveCfg = Debug|Any CPU
		{EFDDB1D8-E381-4840-AD07-896E2C2314F7}.Debug|Any CPU.Build.0 = Debug|Any CPU
		{EFDDB1D8-E381-4840-AD07-896E2C2314F7}.Release|Any CPU.ActiveCfg = Release|Any CPU
		{EFDDB1D8-E381-4840-AD07-896E2C2314F7}.Release|Any CPU.Build.0 = Release|Any CPU
	EndGlobalSection
	GlobalSection(SolutionProperties) = preSolution
		HideSolutionNode = FALSE
	EndGlobalSection
	GlobalSection(ExtensibilityGlobals) = postSolution
		SolutionGuid = {2617D065-23A6-49A9-B953-423961AB71F3}
	EndGlobalSection
EndGlobal
