
Microsoft Visual Studio Solution File, Format Version 12.00
# Visual Studio Version 17
VisualStudioVersion = 17.0.31903.59
MinimumVisualStudioVersion = 10.0.40219.1
Project("{FAE04EC0-301F-11D3-BF4B-00C04F79EFBC}") = "T.daneshgah.12", "T.daneshgah.12.csproj", "{317A1FA7-F90D-4058-B704-715FF6DFF00D}"
EndProject
Global
	GlobalSection(SolutionConfigurationPlatforms) = preSolution
		Debug|Any CPU = Debug|Any CPU
		Release|Any CPU = Release|Any CPU
	EndGlobalSection
	GlobalSection(ProjectConfigurationPlatforms) = postSolution
		{317A1FA7-F90D-4058-B704-715FF6DFF00D}.Debug|Any CPU.ActiveCfg = Debug|Any CPU
		{317A1FA7-F90D-4058-B704-715FF6DFF00D}.Debug|Any CPU.Build.0 = Debug|Any CPU
		{317A1FA7-F90D-4058-B704-715FF6DFF00D}.Release|Any CPU.ActiveCfg = Release|Any CPU
		{317A1FA7-F90D-4058-B704-715FF6DFF00D}.Release|Any CPU.Build.0 = Release|Any CPU
	EndGlobalSection
	GlobalSection(SolutionProperties) = preSolution
		HideSolutionNode = FALSE
	EndGlobalSection
	GlobalSection(ExtensibilityGlobals) = postSolution
		SolutionGuid = {5A1CEE68-3D56-47E2-AA7F-580DAEE63734}
	EndGlobalSection
EndGlobal
